
Microsoft Visual Studio Solution File, Format Version 12.00
# Visual Studio Version 17
VisualStudioVersion = 17.9.34728.123
MinimumVisualStudioVersion = 10.0.40219.1
Project("{8BC9CEB8-8B4A-11D0-8D11-00A0C91BC942}") = "Practice", "Practice.vcxproj", "{897585B9-110F-4FC4-94A5-A9B0FB2A2D54}"
EndProject
Global
	GlobalSection(SolutionConfigurationPlatforms) = preSolution
		Debug|x64 = Debug|x64
		Debug|x86 = Debug|x86
		Release|x64 = Release|x64
		Release|x86 = Release|x86
	EndGlobalSection
	GlobalSection(ProjectConfigurationPlatforms) = postSolution
		{897585B9-110F-4FC4-94A5-A9B0FB2A2D54}.Debug|x64.ActiveCfg = Debug|x64
		{897585B9-110F-4FC4-94A5-A9B0FB2A2D54}.Debug|x64.Build.0 = Debug|x64
		{897585B9-110F-4FC4-94A5-A9B0FB2A2D54}.Debug|x86.ActiveCfg = Debug|Win32
		{897585B9-110F-4FC4-94A5-A9B0FB2A2D54}.Debug|x86.Build.0 = Debug|Win32
		{897585B9-110F-4FC4-94A5-A9B0FB2A2D54}.Release|x64.ActiveCfg = Release|x64
		{897585B9-110F-4FC4-94A5-A9B0FB2A2D54}.Release|x64.Build.0 = Release|x64
		{897585B9-110F-4FC4-94A5-A9B0FB2A2D54}.Release|x86.ActiveCfg = Release|Win32
		{897585B9-110F-4FC4-94A5-A9B0FB2A2D54}.Release|x86.Build.0 = Release|Win32
	EndGlobalSection
	GlobalSection(SolutionProperties) = preSolution
		HideSolutionNode = FALSE
	EndGlobalSection
	GlobalSection(ExtensibilityGlobals) = postSolution
		SolutionGuid = {B427DA28-3EFE-4E49-AE9C-FFE506CDC368}
	EndGlobalSection
EndGlobal
